# This file is automatically @generated by Cargo.
# It is not intended for manual editing.
[[package]]
name = "aho-corasick"
version = "0.7.6"
source = "registry+https://github.com/rust-lang/crates.io-index"
dependencies = [
 "memchr 2.2.1 (registry+https://github.com/rust-lang/crates.io-index)",
]

[[package]]
name = "json"
version = "0.1.0"
source = "git+https://github.com/shrhdk/rust-study?rev=51bd3a4e5d2f2a67ee3540c40e54bd21d337348b#51bd3a4e5d2f2a67ee3540c40e54bd21d337348b"
dependencies = [
 "utf8reader 0.1.0 (registry+https://github.com/rust-lang/crates.io-index)",
]

[[package]]
name = "json"
version = "0.1.0"
source = "git+https://github.com/nfukasawa/rust_study?rev=bf0c51f0bf8b3df7b1aecb897772b11313db2ac2#bf0c51f0bf8b3df7b1aecb897772b11313db2ac2"

[[package]]
name = "json-bench"
version = "0.1.0"
dependencies = [
 "json 0.1.0 (git+https://github.com/shrhdk/rust-study?rev=51bd3a4e5d2f2a67ee3540c40e54bd21d337348b)",
 "json 0.1.0 (git+https://github.com/nfukasawa/rust_study?rev=bf0c51f0bf8b3df7b1aecb897772b11313db2ac2)",
 "json-parser 0.1.0 (git+https://github.com/1-14j4z1-11/exercism_rust?rev=049f957505a25b433d04888bd124c66354ff9e2c)",
 "json-parser 0.1.0 (git+https://github.com/keshihoriuchi/exercism-rust?rev=23b62e789487cfa2962f0a3f565babdbc88c8c4d)",
 "rustpeg-json 0.1.0 (git+https://github.com/seikichi/sandbox?rev=dc8aade9cfb7024b2c0e524db710b854cdf5e088)",
]

[[package]]
name = "json-parser"
version = "0.1.0"
source = "git+https://github.com/1-14j4z1-11/exercism_rust?rev=049f957505a25b433d04888bd124c66354ff9e2c#049f957505a25b433d04888bd124c66354ff9e2c"
dependencies = [
 "regex 1.3.1 (registry+https://github.com/rust-lang/crates.io-index)",
]

[[package]]
name = "json-parser"
version = "0.1.0"
source = "git+https://github.com/keshihoriuchi/exercism-rust?rev=23b62e789487cfa2962f0a3f565babdbc88c8c4d#23b62e789487cfa2962f0a3f565babdbc88c8c4d"
dependencies = [
 "peg 0.6.0 (registry+https://github.com/rust-lang/crates.io-index)",
]

[[package]]
name = "lazy_static"
version = "1.4.0"
source = "registry+https://github.com/rust-lang/crates.io-index"

[[package]]
name = "memchr"
version = "2.2.1"
source = "registry+https://github.com/rust-lang/crates.io-index"

[[package]]
name = "peg"
version = "0.5.7"
source = "registry+https://github.com/rust-lang/crates.io-index"
dependencies = [
 "quote 0.3.15 (registry+https://github.com/rust-lang/crates.io-index)",
]

[[package]]
name = "peg"
version = "0.6.0"
source = "registry+https://github.com/rust-lang/crates.io-index"
dependencies = [
 "peg-macros 0.6.0 (registry+https://github.com/rust-lang/crates.io-index)",
 "peg-runtime 0.6.0 (registry+https://github.com/rust-lang/crates.io-index)",
]

[[package]]
name = "peg-macros"
version = "0.6.0"
source = "registry+https://github.com/rust-lang/crates.io-index"
dependencies = [
 "peg-runtime 0.6.0 (registry+https://github.com/rust-lang/crates.io-index)",
 "proc-macro2 1.0.6 (registry+https://github.com/rust-lang/crates.io-index)",
 "quote 1.0.2 (registry+https://github.com/rust-lang/crates.io-index)",
]

[[package]]
name = "peg-runtime"
version = "0.6.0"
source = "registry+https://github.com/rust-lang/crates.io-index"

[[package]]
name = "proc-macro2"
version = "1.0.6"
source = "registry+https://github.com/rust-lang/crates.io-index"
dependencies = [
 "unicode-xid 0.2.0 (registry+https://github.com/rust-lang/crates.io-index)",
]

[[package]]
name = "quote"
version = "0.3.15"
source = "registry+https://github.com/rust-lang/crates.io-index"

[[package]]
name = "quote"
version = "1.0.2"
source = "registry+https://github.com/rust-lang/crates.io-index"
dependencies = [
 "proc-macro2 1.0.6 (registry+https://github.com/rust-lang/crates.io-index)",
]

[[package]]
name = "regex"
version = "1.3.1"
source = "registry+https://github.com/rust-lang/crates.io-index"
dependencies = [
 "aho-corasick 0.7.6 (registry+https://github.com/rust-lang/crates.io-index)",
 "memchr 2.2.1 (registry+https://github.com/rust-lang/crates.io-index)",
 "regex-syntax 0.6.12 (registry+https://github.com/rust-lang/crates.io-index)",
 "thread_local 0.3.6 (registry+https://github.com/rust-lang/crates.io-index)",
]

[[package]]
name = "regex-syntax"
version = "0.6.12"
source = "registry+https://github.com/rust-lang/crates.io-index"

[[package]]
name = "rustpeg-json"
version = "0.1.0"
source = "git+https://github.com/seikichi/sandbox?rev=dc8aade9cfb7024b2c0e524db710b854cdf5e088#dc8aade9cfb7024b2c0e524db710b854cdf5e088"
dependencies = [
 "peg 0.5.7 (registry+https://github.com/rust-lang/crates.io-index)",
]

[[package]]
name = "thread_local"
version = "0.3.6"
source = "registry+https://github.com/rust-lang/crates.io-index"
dependencies = [
 "lazy_static 1.4.0 (registry+https://github.com/rust-lang/crates.io-index)",
]

[[package]]
name = "unicode-xid"
version = "0.2.0"
source = "registry+https://github.com/rust-lang/crates.io-index"

[[package]]
name = "utf8reader"
version = "0.1.0"
source = "registry+https://github.com/rust-lang/crates.io-index"

[metadata]
"checksum aho-corasick 0.7.6 (registry+https://github.com/rust-lang/crates.io-index)" = "58fb5e95d83b38284460a5fda7d6470aa0b8844d283a0b614b8535e880800d2d"
"checksum json 0.1.0 (git+https://github.com/nfukasawa/rust_study?rev=bf0c51f0bf8b3df7b1aecb897772b11313db2ac2)" = "<none>"
"checksum json 0.1.0 (git+https://github.com/shrhdk/rust-study?rev=51bd3a4e5d2f2a67ee3540c40e54bd21d337348b)" = "<none>"
"checksum json-parser 0.1.0 (git+https://github.com/1-14j4z1-11/exercism_rust?rev=049f957505a25b433d04888bd124c66354ff9e2c)" = "<none>"
"checksum json-parser 0.1.0 (git+https://github.com/keshihoriuchi/exercism-rust?rev=23b62e789487cfa2962f0a3f565babdbc88c8c4d)" = "<none>"
"checksum lazy_static 1.4.0 (registry+https://github.com/rust-lang/crates.io-index)" = "e2abad23fbc42b3700f2f279844dc832adb2b2eb069b2df918f455c4e18cc646"
"checksum memchr 2.2.1 (registry+https://github.com/rust-lang/crates.io-index)" = "88579771288728879b57485cc7d6b07d648c9f0141eb955f8ab7f9d45394468e"
"checksum peg 0.5.7 (registry+https://github.com/rust-lang/crates.io-index)" = "40df12dde1d836ed2a4c3bfc2799797e3abaf807d97520d28d6e3f3bf41a5f85"
"checksum peg 0.6.0 (registry+https://github.com/rust-lang/crates.io-index)" = "c2564d37d3f0fa76f78483be246751fb0eb8cd6dffc90706d8b52aa76d25ecd4"
"checksum peg-macros 0.6.0 (registry+https://github.com/rust-lang/crates.io-index)" = "f2804853b507d6406b3f69d36cf2177fe9b118af3372b681ea9da59b32e2e76e"
"checksum peg-runtime 0.6.0 (registry+https://github.com/rust-lang/crates.io-index)" = "13416762e5e1220b0d188b88ed0abb8ece6b6eb7eaea9d3ceef7cf6213b852c7"
"checksum proc-macro2 1.0.6 (registry+https://github.com/rust-lang/crates.io-index)" = "9c9e470a8dc4aeae2dee2f335e8f533e2d4b347e1434e5671afc49b054592f27"
"checksum quote 0.3.15 (registry+https://github.com/rust-lang/crates.io-index)" = "7a6e920b65c65f10b2ae65c831a81a073a89edd28c7cce89475bff467ab4167a"
"checksum quote 1.0.2 (registry+https://github.com/rust-lang/crates.io-index)" = "053a8c8bcc71fcce321828dc897a98ab9760bef03a4fc36693c231e5b3216cfe"
"checksum regex 1.3.1 (registry+https://github.com/rust-lang/crates.io-index)" = "dc220bd33bdce8f093101afe22a037b8eb0e5af33592e6a9caafff0d4cb81cbd"
"checksum regex-syntax 0.6.12 (registry+https://github.com/rust-lang/crates.io-index)" = "11a7e20d1cce64ef2fed88b66d347f88bd9babb82845b2b858f3edbf59a4f716"
"checksum rustpeg-json 0.1.0 (git+https://github.com/seikichi/sandbox?rev=dc8aade9cfb7024b2c0e524db710b854cdf5e088)" = "<none>"
"checksum thread_local 0.3.6 (registry+https://github.com/rust-lang/crates.io-index)" = "c6b53e329000edc2b34dbe8545fd20e55a333362d0a321909685a19bd28c3f1b"
"checksum unicode-xid 0.2.0 (registry+https://github.com/rust-lang/crates.io-index)" = "826e7639553986605ec5979c7dd957c7895e93eabed50ab2ffa7f6128a75097c"
"checksum utf8reader 0.1.0 (registry+https://github.com/rust-lang/crates.io-index)" = "31add7b376bd6ae962e31fcdd0e7b6ceea137c47edea6ef1eba7ae1ded67cf0c"
