# This file is automatically @generated by Cargo.
# It is not intended for manual editing.
[[package]]
name = "json"
version = "0.1.0"
dependencies = [
 "maplit 1.0.2 (registry+https://github.com/rust-lang/crates.io-index)",
 "utf8reader 0.1.0 (registry+https://github.com/rust-lang/crates.io-index)",
]

[[package]]
name = "maplit"
version = "1.0.2"
source = "registry+https://github.com/rust-lang/crates.io-index"

[[package]]
name = "utf8reader"
version = "0.1.0"
source = "registry+https://github.com/rust-lang/crates.io-index"

[metadata]
"checksum maplit 1.0.2 (registry+https://github.com/rust-lang/crates.io-index)" = "3e2e65a1a2e43cfcb47a895c4c8b10d1f4a61097f9f254f183aee60cad9c651d"
"checksum utf8reader 0.1.0 (registry+https://github.com/rust-lang/crates.io-index)" = "31add7b376bd6ae962e31fcdd0e7b6ceea137c47edea6ef1eba7ae1ded67cf0c"
